{
  "object": {
    "pins": [
      {
        "package": "HaishinKit",
        "repositoryURL": "https://github.com/shogo4405/HaishinKit.swift",
        "state": {
          "branch": null,
          "revision": "2717258f37acc4f85b96dad2f670ffb36def370a",
          "version": "1.0.11"
        }
      },
      {
        "package": "Logboard",
        "repositoryURL": "https://github.com/shogo4405/Logboard.git",
        "state": {
          "branch": null,
          "revision": "af6911d218fce6ddef5aa451acd4933dfcc124b6",
          "version": "2.1.3"
        }
      }
    ]
  },
  "version": 1
}
