// !$*UTF8*$!
{
	archiveVersion = 1;
	classes = {
	};
	objectVersion = 52;
	objects = {

/* Begin PBXBuildFile section */
		5A4ADE2C24FDF731004CF2F1 /* Preview Assets.xcassets in Resources */ = {isa = PBXBuildFile; fileRef = 5A4ADE2B24FDF731004CF2F1 /* Preview Assets.xcassets */; };
		5A4ADE6324FDF7EE004CF2F1 /* PreferenceViewController.swift in Sources */ = {isa = PBXBuildFile; fileRef = 5A4ADE5324FDF7EC004CF2F1 /* PreferenceViewController.swift */; };
		5A4ADE6424FDF7EE004CF2F1 /* VisualEffect.swift in Sources */ = {isa = PBXBuildFile; fileRef = 5A4ADE5424FDF7EC004CF2F1 /* VisualEffect.swift */; };
		5A4ADE6524FDF7EE004CF2F1 /* Preference.swift in Sources */ = {isa = PBXBuildFile; fileRef = 5A4ADE5524FDF7EC004CF2F1 /* Preference.swift */; };
		5A4ADE6624FDF7EE004CF2F1 /* Pods in Resources */ = {isa = PBXBuildFile; fileRef = 5A4ADE5624FDF7EC004CF2F1 /* Pods */; };
		5A4ADE6724FDF7EE004CF2F1 /* Main.storyboard in Resources */ = {isa = PBXBuildFile; fileRef = 5A4ADE5724FDF7EC004CF2F1 /* Main.storyboard */; };
		5A4ADE6824FDF7EE004CF2F1 /* Assets.xcassets in Resources */ = {isa = PBXBuildFile; fileRef = 5A4ADE5824FDF7EC004CF2F1 /* Assets.xcassets */; };
		5A4ADE6924FDF7EE004CF2F1 /* LiveViewController.swift in Sources */ = {isa = PBXBuildFile; fileRef = 5A4ADE5924FDF7ED004CF2F1 /* LiveViewController.swift */; };
		5A4ADE6A24FDF7EE004CF2F1 /* Screencast in Resources */ = {isa = PBXBuildFile; fileRef = 5A4ADE5A24FDF7ED004CF2F1 /* Screencast */; };
		5A4ADE6C24FDF7EE004CF2F1 /* AppDelegate.swift in Sources */ = {isa = PBXBuildFile; fileRef = 5A4ADE5C24FDF7ED004CF2F1 /* AppDelegate.swift */; };
		5A4ADE6D24FDF7EE004CF2F1 /* Base.lproj in Resources */ = {isa = PBXBuildFile; fileRef = 5A4ADE5D24FDF7ED004CF2F1 /* Base.lproj */; };
		5A4ADE6E24FDF7EE004CF2F1 /* podfile in Resources */ = {isa = PBXBuildFile; fileRef = 5A4ADE5E24FDF7ED004CF2F1 /* podfile */; };
		5A4ADE7024FDF7EE004CF2F1 /* Icon.png in Resources */ = {isa = PBXBuildFile; fileRef = 5A4ADE6024FDF7ED004CF2F1 /* Icon.png */; };
		5A4B617424FE5FAE001FF96D /* HaishinKit in Frameworks */ = {isa = PBXBuildFile; productRef = 5A4B617324FE5FAE001FF96D /* HaishinKit */; };
/* End PBXBuildFile section */

/* Begin PBXFileReference section */
		5A4ADE1C24FDF727004CF2F1 /* IDidn'tSeeShit.app */ = {isa = PBXFileReference; explicitFileType = wrapper.application; includeInIndex = 0; path = "IDidn'tSeeShit.app"; sourceTree = BUILT_PRODUCTS_DIR; };
		5A4ADE2B24FDF731004CF2F1 /* Preview Assets.xcassets */ = {isa = PBXFileReference; lastKnownFileType = folder.assetcatalog; path = "Preview Assets.xcassets"; sourceTree = "<group>"; };
		5A4ADE3924FDF731004CF2F1 /* StopSnitchesTests.swift */ = {isa = PBXFileReference; lastKnownFileType = sourcecode.swift; path = StopSnitchesTests.swift; sourceTree = "<group>"; };
		5A4ADE3B24FDF731004CF2F1 /* Info.plist */ = {isa = PBXFileReference; lastKnownFileType = text.plist.xml; path = Info.plist; sourceTree = "<group>"; };
		5A4ADE4424FDF731004CF2F1 /* StopSnitchesUITests.swift */ = {isa = PBXFileReference; lastKnownFileType = sourcecode.swift; path = StopSnitchesUITests.swift; sourceTree = "<group>"; };
		5A4ADE4624FDF731004CF2F1 /* Info.plist */ = {isa = PBXFileReference; lastKnownFileType = text.plist.xml; path = Info.plist; sourceTree = "<group>"; };
		5A4ADE5224FDF7EB004CF2F1 /* StopSnitches-Bridging-Header.h */ = {isa = PBXFileReference; lastKnownFileType = sourcecode.c.h; path = "StopSnitches-Bridging-Header.h"; sourceTree = "<group>"; };
		5A4ADE5324FDF7EC004CF2F1 /* PreferenceViewController.swift */ = {isa = PBXFileReference; fileEncoding = 4; lastKnownFileType = sourcecode.swift; path = PreferenceViewController.swift; sourceTree = "<group>"; };
		5A4ADE5424FDF7EC004CF2F1 /* VisualEffect.swift */ = {isa = PBXFileReference; fileEncoding = 4; lastKnownFileType = sourcecode.swift; path = VisualEffect.swift; sourceTree = "<group>"; };
		5A4ADE5524FDF7EC004CF2F1 /* Preference.swift */ = {isa = PBXFileReference; fileEncoding = 4; lastKnownFileType = sourcecode.swift; path = Preference.swift; sourceTree = "<group>"; };
		5A4ADE5624FDF7EC004CF2F1 /* Pods */ = {isa = PBXFileReference; lastKnownFileType = folder; path = Pods; sourceTree = "<group>"; };
		5A4ADE5724FDF7EC004CF2F1 /* Main.storyboard */ = {isa = PBXFileReference; fileEncoding = 4; lastKnownFileType = file.storyboard; path = Main.storyboard; sourceTree = "<group>"; };
		5A4ADE5824FDF7EC004CF2F1 /* Assets.xcassets */ = {isa = PBXFileReference; lastKnownFileType = folder.assetcatalog; path = Assets.xcassets; sourceTree = "<group>"; };
		5A4ADE5924FDF7ED004CF2F1 /* LiveViewController.swift */ = {isa = PBXFileReference; fileEncoding = 4; lastKnownFileType = sourcecode.swift; path = LiveViewController.swift; sourceTree = "<group>"; };
		5A4ADE5A24FDF7ED004CF2F1 /* Screencast */ = {isa = PBXFileReference; lastKnownFileType = folder; path = Screencast; sourceTree = "<group>"; };
		5A4ADE5B24FDF7ED004CF2F1 /* StopSnitchesTests */ = {isa = PBXFileReference; lastKnownFileType = folder; path = StopSnitchesTests; sourceTree = "<group>"; };
		5A4ADE5C24FDF7ED004CF2F1 /* AppDelegate.swift */ = {isa = PBXFileReference; fileEncoding = 4; lastKnownFileType = sourcecode.swift; path = AppDelegate.swift; sourceTree = "<group>"; };
		5A4ADE5D24FDF7ED004CF2F1 /* Base.lproj */ = {isa = PBXFileReference; lastKnownFileType = folder; path = Base.lproj; sourceTree = "<group>"; };
		5A4ADE5E24FDF7ED004CF2F1 /* podfile */ = {isa = PBXFileReference; fileEncoding = 4; lastKnownFileType = text; path = podfile; sourceTree = "<group>"; };
		5A4ADE5F24FDF7ED004CF2F1 /* Info.plist */ = {isa = PBXFileReference; fileEncoding = 4; lastKnownFileType = text.plist.xml; path = Info.plist; sourceTree = "<group>"; };
		5A4ADE6024FDF7ED004CF2F1 /* Icon.png */ = {isa = PBXFileReference; lastKnownFileType = image.png; path = Icon.png; sourceTree = "<group>"; };
		5A4ADE6124FDF7EE004CF2F1 /* StopSnitches */ = {isa = PBXFileReference; lastKnownFileType = folder; path = StopSnitches; sourceTree = "<group>"; };
		5A4ADE6224FDF7EE004CF2F1 /* StopSnitchesUITests */ = {isa = PBXFileReference; lastKnownFileType = folder; path = StopSnitchesUITests; sourceTree = "<group>"; };
/* End PBXFileReference section */

/* Begin PBXFrameworksBuildPhase section */
		5A4ADE1924FDF727004CF2F1 /* Frameworks */ = {
			isa = PBXFrameworksBuildPhase;
			buildActionMask = 2147483647;
			files = (
				5A4B617424FE5FAE001FF96D /* HaishinKit in Frameworks */,
			);
			runOnlyForDeploymentPostprocessing = 0;
		};
/* End PBXFrameworksBuildPhase section */

/* Begin PBXGroup section */
		5A4ADE1324FDF727004CF2F1 = {
			isa = PBXGroup;
			children = (
				5A4ADE1E24FDF727004CF2F1 /* StopSnitches */,
				5A4ADE6124FDF7EE004CF2F1 /* StopSnitches */,
				5A4ADE3824FDF731004CF2F1 /* StopSnitchesTests */,
				5A4ADE4324FDF731004CF2F1 /* StopSnitchesUITests */,
				5A4ADE5C24FDF7ED004CF2F1 /* AppDelegate.swift */,
				5A4ADE5824FDF7EC004CF2F1 /* Assets.xcassets */,
				5A4ADE5D24FDF7ED004CF2F1 /* Base.lproj */,
				5A4ADE6024FDF7ED004CF2F1 /* Icon.png */,
				5A4ADE5F24FDF7ED004CF2F1 /* Info.plist */,
				5A4ADE5924FDF7ED004CF2F1 /* LiveViewController.swift */,
				5A4ADE5724FDF7EC004CF2F1 /* Main.storyboard */,
				5A4ADE5E24FDF7ED004CF2F1 /* podfile */,
				5A4ADE5624FDF7EC004CF2F1 /* Pods */,
				5A4ADE5524FDF7EC004CF2F1 /* Preference.swift */,
				5A4ADE5324FDF7EC004CF2F1 /* PreferenceViewController.swift */,
				5A4ADE5A24FDF7ED004CF2F1 /* Screencast */,
				5A4ADE5B24FDF7ED004CF2F1 /* StopSnitchesTests */,
				5A4ADE6224FDF7EE004CF2F1 /* StopSnitchesUITests */,
				5A4ADE5424FDF7EC004CF2F1 /* VisualEffect.swift */,
				5A4ADE1D24FDF727004CF2F1 /* Products */,
				5A4ADE5224FDF7EB004CF2F1 /* StopSnitches-Bridging-Header.h */,
			);
			sourceTree = "<group>";
		};
		5A4ADE1D24FDF727004CF2F1 /* Products */ = {
			isa = PBXGroup;
			children = (
				5A4ADE1C24FDF727004CF2F1 /* IDidn'tSeeShit.app */,
			);
			name = Products;
			sourceTree = "<group>";
		};
		5A4ADE1E24FDF727004CF2F1 /* StopSnitches */ = {
			isa = PBXGroup;
			children = (
				5A4ADE2A24FDF731004CF2F1 /* Preview Content */,
			);
			path = StopSnitches;
			sourceTree = "<group>";
		};
		5A4ADE2A24FDF731004CF2F1 /* Preview Content */ = {
			isa = PBXGroup;
			children = (
				5A4ADE2B24FDF731004CF2F1 /* Preview Assets.xcassets */,
			);
			path = "Preview Content";
			sourceTree = "<group>";
		};
		5A4ADE3824FDF731004CF2F1 /* StopSnitchesTests */ = {
			isa = PBXGroup;
			children = (
				5A4ADE3924FDF731004CF2F1 /* StopSnitchesTests.swift */,
				5A4ADE3B24FDF731004CF2F1 /* Info.plist */,
			);
			path = StopSnitchesTests;
			sourceTree = "<group>";
		};
		5A4ADE4324FDF731004CF2F1 /* StopSnitchesUITests */ = {
			isa = PBXGroup;
			children = (
				5A4ADE4424FDF731004CF2F1 /* StopSnitchesUITests.swift */,
				5A4ADE4624FDF731004CF2F1 /* Info.plist */,
			);
			path = StopSnitchesUITests;
			sourceTree = "<group>";
		};
/* End PBXGroup section */

/* Begin PBXNativeTarget section */
		5A4ADE1B24FDF727004CF2F1 /* StopSnitches */ = {
			isa = PBXNativeTarget;
			buildConfigurationList = 5A4ADE4924FDF731004CF2F1 /* Build configuration list for PBXNativeTarget "StopSnitches" */;
			buildPhases = (
				5A4ADE1824FDF727004CF2F1 /* Sources */,
				5A4ADE1924FDF727004CF2F1 /* Frameworks */,
				5A4ADE1A24FDF727004CF2F1 /* Resources */,
			);
			buildRules = (
			);
			dependencies = (
			);
			name = StopSnitches;
			packageProductDependencies = (
				5A4B617324FE5FAE001FF96D /* HaishinKit */,
			);
			productName = StopSnitches;
			productReference = 5A4ADE1C24FDF727004CF2F1 /* IDidn'tSeeShit.app */;
			productType = "com.apple.product-type.application";
		};
/* End PBXNativeTarget section */

/* Begin PBXProject section */
		5A4ADE1424FDF727004CF2F1 /* Project object */ = {
			isa = PBXProject;
			attributes = {
				LastSwiftUpdateCheck = 1160;
				LastUpgradeCheck = 1160;
				ORGANIZATIONNAME = "Max Norman";
				TargetAttributes = {
					5A4ADE1B24FDF727004CF2F1 = {
						CreatedOnToolsVersion = 11.6;
						LastSwiftMigration = 1160;
					};
				};
			};
			buildConfigurationList = 5A4ADE1724FDF727004CF2F1 /* Build configuration list for PBXProject "StopSnitches" */;
			compatibilityVersion = "Xcode 9.3";
			developmentRegion = en;
			hasScannedForEncodings = 0;
			knownRegions = (
				en,
				Base,
			);
			mainGroup = 5A4ADE1324FDF727004CF2F1;
			packageReferences = (
				5A4B617224FE5FAE001FF96D /* XCRemoteSwiftPackageReference "HaishinKit" */,
			);
			productRefGroup = 5A4ADE1D24FDF727004CF2F1 /* Products */;
			projectDirPath = "";
			projectRoot = "";
			targets = (
				5A4ADE1B24FDF727004CF2F1 /* StopSnitches */,
			);
		};
/* End PBXProject section */

/* Begin PBXResourcesBuildPhase section */
		5A4ADE1A24FDF727004CF2F1 /* Resources */ = {
			isa = PBXResourcesBuildPhase;
			buildActionMask = 2147483647;
			files = (
				5A4ADE6A24FDF7EE004CF2F1 /* Screencast in Resources */,
				5A4ADE6D24FDF7EE004CF2F1 /* Base.lproj in Resources */,
				5A4ADE7024FDF7EE004CF2F1 /* Icon.png in Resources */,
				5A4ADE6E24FDF7EE004CF2F1 /* podfile in Resources */,
				5A4ADE6724FDF7EE004CF2F1 /* Main.storyboard in Resources */,
				5A4ADE6624FDF7EE004CF2F1 /* Pods in Resources */,
				5A4ADE6824FDF7EE004CF2F1 /* Assets.xcassets in Resources */,
				5A4ADE2C24FDF731004CF2F1 /* Preview Assets.xcassets in Resources */,
			);
			runOnlyForDeploymentPostprocessing = 0;
		};
/* End PBXResourcesBuildPhase section */

/* Begin PBXSourcesBuildPhase section */
		5A4ADE1824FDF727004CF2F1 /* Sources */ = {
			isa = PBXSourcesBuildPhase;
			buildActionMask = 2147483647;
			files = (
				5A4ADE6424FDF7EE004CF2F1 /* VisualEffect.swift in Sources */,
				5A4ADE6524FDF7EE004CF2F1 /* Preference.swift in Sources */,
				5A4ADE6924FDF7EE004CF2F1 /* LiveViewController.swift in Sources */,
				5A4ADE6C24FDF7EE004CF2F1 /* AppDelegate.swift in Sources */,
				5A4ADE6324FDF7EE004CF2F1 /* PreferenceViewController.swift in Sources */,
			);
			runOnlyForDeploymentPostprocessing = 0;
		};
/* End PBXSourcesBuildPhase section */

/* Begin XCBuildConfiguration section */
		5A4ADE4724FDF731004CF2F1 /* Debug */ = {
			isa = XCBuildConfiguration;
			buildSettings = {
				ALWAYS_SEARCH_USER_PATHS = NO;
				CLANG_ANALYZER_NONNULL = YES;
				CLANG_ANALYZER_NUMBER_OBJECT_CONVERSION = YES_AGGRESSIVE;
				CLANG_CXX_LANGUAGE_STANDARD = "gnu++14";
				CLANG_CXX_LIBRARY = "libc++";
				CLANG_ENABLE_MODULES = YES;
				CLANG_ENABLE_OBJC_ARC = YES;
				CLANG_ENABLE_OBJC_WEAK = YES;
				CLANG_WARN_BLOCK_CAPTURE_AUTORELEASING = YES;
				CLANG_WARN_BOOL_CONVERSION = YES;
				CLANG_WARN_COMMA = YES;
				CLANG_WARN_CONSTANT_CONVERSION = YES;
				CLANG_WARN_DEPRECATED_OBJC_IMPLEMENTATIONS = YES;
				CLANG_WARN_DIRECT_OBJC_ISA_USAGE = YES_ERROR;
				CLANG_WARN_DOCUMENTATION_COMMENTS = YES;
				CLANG_WARN_EMPTY_BODY = YES;
				CLANG_WARN_ENUM_CONVERSION = YES;
				CLANG_WARN_INFINITE_RECURSION = YES;
				CLANG_WARN_INT_CONVERSION = YES;
				CLANG_WARN_NON_LITERAL_NULL_CONVERSION = YES;
				CLANG_WARN_OBJC_IMPLICIT_RETAIN_SELF = YES;
				CLANG_WARN_OBJC_LITERAL_CONVERSION = YES;
				CLANG_WARN_OBJC_ROOT_CLASS = YES_ERROR;
				CLANG_WARN_RANGE_LOOP_ANALYSIS = YES;
				CLANG_WARN_STRICT_PROTOTYPES = YES;
				CLANG_WARN_SUSPICIOUS_MOVE = YES;
				CLANG_WARN_UNGUARDED_AVAILABILITY = YES_AGGRESSIVE;
				CLANG_WARN_UNREACHABLE_CODE = YES;
				CLANG_WARN__DUPLICATE_METHOD_MATCH = YES;
				COPY_PHASE_STRIP = NO;
				DEBUG_INFORMATION_FORMAT = dwarf;
				ENABLE_STRICT_OBJC_MSGSEND = YES;
				ENABLE_TESTABILITY = YES;
				GCC_C_LANGUAGE_STANDARD = gnu11;
				GCC_DYNAMIC_NO_PIC = NO;
				GCC_NO_COMMON_BLOCKS = YES;
				GCC_OPTIMIZATION_LEVEL = 0;
				GCC_PREPROCESSOR_DEFINITIONS = (
					"DEBUG=1",
					"$(inherited)",
				);
				GCC_WARN_64_TO_32_BIT_CONVERSION = YES;
				GCC_WARN_ABOUT_RETURN_TYPE = YES_ERROR;
				GCC_WARN_UNDECLARED_SELECTOR = YES;
				GCC_WARN_UNINITIALIZED_AUTOS = YES_AGGRESSIVE;
				GCC_WARN_UNUSED_FUNCTION = YES;
				GCC_WARN_UNUSED_VARIABLE = YES;
				IPHONEOS_DEPLOYMENT_TARGET = 13.6;
				MTL_ENABLE_DEBUG_INFO = INCLUDE_SOURCE;
				MTL_FAST_MATH = YES;
				ONLY_ACTIVE_ARCH = YES;
				SDKROOT = iphoneos;
				SWIFT_ACTIVE_COMPILATION_CONDITIONS = DEBUG;
				SWIFT_OPTIMIZATION_LEVEL = "-Onone";
			};
			name = Debug;
		};
		5A4ADE4824FDF731004CF2F1 /* Release */ = {
			isa = XCBuildConfiguration;
			buildSettings = {
				ALWAYS_SEARCH_USER_PATHS = NO;
				CLANG_ANALYZER_NONNULL = YES;
				CLANG_ANALYZER_NUMBER_OBJECT_CONVERSION = YES_AGGRESSIVE;
				CLANG_CXX_LANGUAGE_STANDARD = "gnu++14";
				CLANG_CXX_LIBRARY = "libc++";
				CLANG_ENABLE_MODULES = YES;
				CLANG_ENABLE_OBJC_ARC = YES;
				CLANG_ENABLE_OBJC_WEAK = YES;
				CLANG_WARN_BLOCK_CAPTURE_AUTORELEASING = YES;
				CLANG_WARN_BOOL_CONVERSION = YES;
				CLANG_WARN_COMMA = YES;
				CLANG_WARN_CONSTANT_CONVERSION = YES;
				CLANG_WARN_DEPRECATED_OBJC_IMPLEMENTATIONS = YES;
				CLANG_WARN_DIRECT_OBJC_ISA_USAGE = YES_ERROR;
				CLANG_WARN_DOCUMENTATION_COMMENTS = YES;
				CLANG_WARN_EMPTY_BODY = YES;
				CLANG_WARN_ENUM_CONVERSION = YES;
				CLANG_WARN_INFINITE_RECURSION = YES;
				CLANG_WARN_INT_CONVERSION = YES;
				CLANG_WARN_NON_LITERAL_NULL_CONVERSION = YES;
				CLANG_WARN_OBJC_IMPLICIT_RETAIN_SELF = YES;
				CLANG_WARN_OBJC_LITERAL_CONVERSION = YES;
				CLANG_WARN_OBJC_ROOT_CLASS = YES_ERROR;
				CLANG_WARN_RANGE_LOOP_ANALYSIS = YES;
				CLANG_WARN_STRICT_PROTOTYPES = YES;
				CLANG_WARN_SUSPICIOUS_MOVE = YES;
				CLANG_WARN_UNGUARDED_AVAILABILITY = YES_AGGRESSIVE;
				CLANG_WARN_UNREACHABLE_CODE = YES;
				CLANG_WARN__DUPLICATE_METHOD_MATCH = YES;
				COPY_PHASE_STRIP = NO;
				DEBUG_INFORMATION_FORMAT = "dwarf-with-dsym";
				ENABLE_NS_ASSERTIONS = NO;
				ENABLE_STRICT_OBJC_MSGSEND = YES;
				GCC_C_LANGUAGE_STANDARD = gnu11;
				GCC_NO_COMMON_BLOCKS = YES;
				GCC_WARN_64_TO_32_BIT_CONVERSION = YES;
				GCC_WARN_ABOUT_RETURN_TYPE = YES_ERROR;
				GCC_WARN_UNDECLARED_SELECTOR = YES;
				GCC_WARN_UNINITIALIZED_AUTOS = YES_AGGRESSIVE;
				GCC_WARN_UNUSED_FUNCTION = YES;
				GCC_WARN_UNUSED_VARIABLE = YES;
				IPHONEOS_DEPLOYMENT_TARGET = 13.6;
				MTL_ENABLE_DEBUG_INFO = NO;
				MTL_FAST_MATH = YES;
				SDKROOT = iphoneos;
				SWIFT_COMPILATION_MODE = wholemodule;
				SWIFT_OPTIMIZATION_LEVEL = "-O";
				VALIDATE_PRODUCT = YES;
			};
			name = Release;
		};
		5A4ADE4A24FDF731004CF2F1 /* Debug */ = {
			isa = XCBuildConfiguration;
			buildSettings = {
				ASSETCATALOG_COMPILER_APPICON_NAME = AppIcon;
				CLANG_ENABLE_MODULES = YES;
				CODE_SIGN_STYLE = Automatic;
				DEVELOPMENT_ASSET_PATHS = "\"StopSnitches/Preview Content\"";
				DEVELOPMENT_TEAM = C9H8L5V2WB;
				ENABLE_PREVIEWS = YES;
				INFOPLIST_FILE = "$(SRCROOT)/Info.plist";
				LD_RUNPATH_SEARCH_PATHS = (
					"$(inherited)",
					"@executable_path/Frameworks",
				);
				PRODUCT_BUNDLE_IDENTIFIER = com.acab.acab.IDidntseeshit;
				PRODUCT_NAME = "IDidn'tSeeShit";
				SWIFT_OBJC_BRIDGING_HEADER = "StopSnitches-Bridging-Header.h";
				SWIFT_OPTIMIZATION_LEVEL = "-Onone";
				SWIFT_VERSION = 5.0;
				TARGETED_DEVICE_FAMILY = "1,2";
			};
			name = Debug;
		};
		5A4ADE4B24FDF731004CF2F1 /* Release */ = {
			isa = XCBuildConfiguration;
			buildSettings = {
				ASSETCATALOG_COMPILER_APPICON_NAME = AppIcon;
				CLANG_ENABLE_MODULES = YES;
				CODE_SIGN_STYLE = Automatic;
				DEVELOPMENT_ASSET_PATHS = "\"StopSnitches/Preview Content\"";
				DEVELOPMENT_TEAM = C9H8L5V2WB;
				ENABLE_PREVIEWS = YES;
				INFOPLIST_FILE = "$(SRCROOT)/Info.plist";
				LD_RUNPATH_SEARCH_PATHS = (
					"$(inherited)",
					"@executable_path/Frameworks",
				);
				PRODUCT_BUNDLE_IDENTIFIER = com.acab.acab.IDidntseeshit;
				PRODUCT_NAME = "IDidn'tSeeShit";
				SWIFT_OBJC_BRIDGING_HEADER = "StopSnitches-Bridging-Header.h";
				SWIFT_VERSION = 5.0;
				TARGETED_DEVICE_FAMILY = "1,2";
			};
			name = Release;
		};
/* End XCBuildConfiguration section */

/* Begin XCConfigurationList section */
		5A4ADE1724FDF727004CF2F1 /* Build configuration list for PBXProject "StopSnitches" */ = {
			isa = XCConfigurationList;
			buildConfigurations = (
				5A4ADE4724FDF731004CF2F1 /* Debug */,
				5A4ADE4824FDF731004CF2F1 /* Release */,
			);
			defaultConfigurationIsVisible = 0;
			defaultConfigurationName = Release;
		};
		5A4ADE4924FDF731004CF2F1 /* Build configuration list for PBXNativeTarget "StopSnitches" */ = {
			isa = XCConfigurationList;
			buildConfigurations = (
				5A4ADE4A24FDF731004CF2F1 /* Debug */,
				5A4ADE4B24FDF731004CF2F1 /* Release */,
			);
			defaultConfigurationIsVisible = 0;
			defaultConfigurationName = Release;
		};
/* End XCConfigurationList section */

/* Begin XCRemoteSwiftPackageReference section */
		5A4B617224FE5FAE001FF96D /* XCRemoteSwiftPackageReference "HaishinKit" */ = {
			isa = XCRemoteSwiftPackageReference;
			repositoryURL = "https://github.com/shogo4405/HaishinKit.swift";
			requirement = {
				kind = upToNextMajorVersion;
				minimumVersion = 1.0.11;
			};
		};
/* End XCRemoteSwiftPackageReference section */

/* Begin XCSwiftPackageProductDependency section */
		5A4B617324FE5FAE001FF96D /* HaishinKit */ = {
			isa = XCSwiftPackageProductDependency;
			package = 5A4B617224FE5FAE001FF96D /* XCRemoteSwiftPackageReference "HaishinKit" */;
			productName = HaishinKit;
		};
/* End XCSwiftPackageProductDependency section */
	};
	rootObject = 5A4ADE1424FDF727004CF2F1 /* Project object */;
}
